
Microsoft Visual Studio Solution File, Format Version 12.00
# Visual Studio Version 16
VisualStudioVersion = 16.0.30523.141
MinimumVisualStudioVersion = 10.0.40219.1
Project("{FAE04EC0-301F-11D3-BF4B-00C04F79EFBC}") = "Gyakorlas0407", "Gyakorlas0407\Gyakorlas0407.csproj", "{A0500BC4-0658-4735-A79A-CB9EF68184DD}"
EndProject
Global
	GlobalSection(SolutionConfigurationPlatforms) = preSolution
		Debug|Any CPU = Debug|Any CPU
		Release|Any CPU = Release|Any CPU
	EndGlobalSection
	GlobalSection(ProjectConfigurationPlatforms) = postSolution
		{A0500BC4-0658-4735-A79A-CB9EF68184DD}.Debug|Any CPU.ActiveCfg = Debug|Any CPU
		{A0500BC4-0658-4735-A79A-CB9EF68184DD}.Debug|Any CPU.Build.0 = Debug|Any CPU
		{A0500BC4-0658-4735-A79A-CB9EF68184DD}.Release|Any CPU.ActiveCfg = Release|Any CPU
		{A0500BC4-0658-4735-A79A-CB9EF68184DD}.Release|Any CPU.Build.0 = Release|Any CPU
	EndGlobalSection
	GlobalSection(SolutionProperties) = preSolution
		HideSolutionNode = FALSE
	EndGlobalSection
	GlobalSection(ExtensibilityGlobals) = postSolution
		SolutionGuid = {0856DC69-0B95-47E0-84BA-E34AD75FD52B}
	EndGlobalSection
EndGlobal
